<Solution>
  <Folder Name="/src/">
    <Project Path="src/CodeyBox.Cli/CodeyBox.Cli.csproj" />
    <Project Path="src/CodeyBox.Agents.Claude/CodeyBox.Agents.Claude.csproj" />
    <Project Path="src/CodeyBox.Agents.Codex/CodeyBox.Agents.Codex.csproj" />
    <Project Path="src/CodeyBox.Agents.Gemini/CodeyBox.Agents.Gemini.csproj" />
    <Project Path="src/CodeyBox.Agents.Copilot/CodeyBox.Agents.Copilot.csproj" />
    <Project Path="src/CodeyBox.Agents/CodeyBox.Agents.csproj" />
    <Project Path="src/CodeyBox.Api/CodeyBox.Api.csproj" />
    <Project Path="src/CodeyBox.Audit.Llm/CodeyBox.Audit.Llm.csproj" />
    <Project Path="src/CodeyBox.Audit.Presets/CodeyBox.Audit.Presets.csproj" />
    <Project Path="src/CodeyBox.Audit.Shell/CodeyBox.Audit.Shell.csproj" />
    <Project Path="src/CodeyBox.Audit/CodeyBox.Audit.csproj" />
    <Project Path="src/CodeyBox.Core/CodeyBox.Core.csproj" />
    <Project Path="src/CodeyBox.Git/CodeyBox.Git.csproj" />
    <Project Path="src/CodeyBox.Orchestrator/CodeyBox.Orchestrator.csproj" />
    <Project Path="src/CodeyBox.PluginSdk/CodeyBox.PluginSdk.csproj" />
    <Project Path="src/CodeyBox.Projects/CodeyBox.Projects.csproj" />
    <Project Path="src/CodeyBox.Sandbox.Bubblewrap/CodeyBox.Sandbox.Bubblewrap.csproj" />
    <Project Path="src/CodeyBox.Sandbox.Multipass/CodeyBox.Sandbox.Multipass.csproj" />
    <Project Path="src/CodeyBox.Sandbox.Process/CodeyBox.Sandbox.Process.csproj" />
    <Project Path="src/CodeyBox.Sandbox/CodeyBox.Sandbox.csproj" />
    <Project Path="src/CodeyBox.Upstream.GitHub/CodeyBox.Upstream.GitHub.csproj" />
    <Project Path="src/CodeyBox.Upstream/CodeyBox.Upstream.csproj" />
    <Project Path="src/CodeyBox.Webhooks/CodeyBox.Webhooks.csproj" />
  </Folder>
  <Folder Name="/tests/">
    <Project Path="tests/CodeyBox.Tests/CodeyBox.Tests.csproj" />
    <Project Path="tests/CodeyBox.PluginSdk.SampleTests/CodeyBox.PluginSdk.SampleTests.csproj" />
  </Folder>
  <Folder Name="/samples/">
    <Project Path="samples/CodeyBox.SampleGiteaUpstreamPlugin/CodeyBox.SampleGiteaUpstreamPlugin.csproj" />
  </Folder>
  <Folder Name="/tools/">
    <Project Path="tools/CodeyBox.Admin/src/CodeyBox.Admin.Web/CodeyBox.Admin.Web.csproj" />
    <Project Path="tools/CodeyBox.Admin/tests/CodeyBox.Admin.Tests/CodeyBox.Admin.Tests.csproj" />
  </Folder>
</Solution>
