<Solution>
  <Folder Name="/src/">
    <Project Path="src/CodeyBox.Cli/CodeyBox.Wizard.csproj" />
    <Project Path="src/CodeyBox.Agents.Claude/CodeyBox.Agents.Claude.csproj" />
    <Project Path="src/CodeyBox.Agents.Claude.AcpBridge/CodeyBox.Agents.Claude.AcpBridge.csproj" />
    <Project Path="src/CodeyBox.Agents.Codex/CodeyBox.Agents.Codex.csproj" />
    <Project Path="src/CodeyBox.Agents.Gemini/CodeyBox.Agents.Gemini.csproj" />
    <Project Path="src/CodeyBox.Agents.Cursor/CodeyBox.Agents.Cursor.csproj" />
    <Project Path="src/CodeyBox.Agents.Opencode/CodeyBox.Agents.Opencode.csproj" />
    <Project Path="src/CodeyBox.Agents.Copilot/CodeyBox.Agents.Copilot.csproj" />
    <Project Path="src/CodeyBox.Agents.Antigravity/CodeyBox.Agents.Antigravity.csproj" />
    <Project Path="src/CodeyBox.Agents.Crock/CodeyBox.Agents.Crock.csproj" />
    <Project Path="src/CodeyBox.Agents.Pi/CodeyBox.Agents.Pi.csproj" />
    <Project Path="src/CodeyBox.Agents.Aider/CodeyBox.Agents.Aider.csproj" />
    <Project Path="src/CodeyBox.Agents.Goose/CodeyBox.Agents.Goose.csproj" />
    <Project Path="src/CodeyBox.Agents.Prime/CodeyBox.Agents.Prime.csproj" />
    <Project Path="src/CodeyBox.Agents.Autohand/CodeyBox.Agents.Autohand.csproj" />
    <Project Path="src/CodeyBox.Agents.Vibe/CodeyBox.Agents.Vibe.csproj" />
    <Project Path="src/CodeyBox.Agents.Cline/CodeyBox.Agents.Cline.csproj" />
    <Project Path="src/CodeyBox.Agents.Kilo/CodeyBox.Agents.Kilo.csproj" />
    <Project Path="src/CodeyBox.Agents.Omp/CodeyBox.Agents.Omp.csproj" />
    <Project Path="src/CodeyBox.Agents.Continue/CodeyBox.Agents.Continue.csproj" />
    <Project Path="src/CodeyBox.Agents.Qwen/CodeyBox.Agents.Qwen.csproj" />
    <Project Path="src/CodeyBox.Agents.Cmd/CodeyBox.Agents.Cmd.csproj" />
    <Project Path="src/CodeyBox.Agents.Crush/CodeyBox.Agents.Crush.csproj" />
    <Project Path="src/CodeyBox.Agents.DotNetOpencode/CodeyBox.Agents.DotNetOpencode.csproj" />
    <Project Path="src/CodeyBox.Agents.Devin/CodeyBox.Agents.Devin.csproj" />
    <Project Path="src/CodeyBox.Agents.CavemanCode/CodeyBox.Agents.CavemanCode.csproj" />
    <Project Path="src/CodeyBox.Agents/CodeyBox.Agents.csproj" />
    <Project Path="src/CodeyBox.AdminSeed/CodeyBox.AdminSeed.csproj" />
    <Project Path="src/CodeyBox.Api/CodeyBox.Api.csproj" />
    <Project Path="src/CodeyBox.Audit.Llm/CodeyBox.Audit.Llm.csproj" />
    <Project Path="src/CodeyBox.Audit.Presets/CodeyBox.Audit.Presets.csproj" />
    <Project Path="src/CodeyBox.Audit.Shell/CodeyBox.Audit.Shell.csproj" />
    <Project Path="src/CodeyBox.Audit/CodeyBox.Audit.csproj" />
    <Project Path="src/CodeyBox.Core/CodeyBox.Core.csproj" />
    <Project Path="src/CodeyBox.Deployment/CodeyBox.Deployment.csproj" />
    <Project Path="src/CodeyBox.Executor/CodeyBox.Executor.csproj" />
    <Project Path="src/CodeyBox.ExploratoryTesting/CodeyBox.ExploratoryTesting.csproj" />
    <Project Path="src/CodeyBox.Git/CodeyBox.Git.csproj" />
    <Project Path="src/CodeyBox.Orchestrator/CodeyBox.Orchestrator.csproj" />
    <Project Path="src/CodeyBox.HostProcess/CodeyBox.HostProcess.csproj" />
    <Project Path="src/CodeyBox.PluginSdk/CodeyBox.PluginSdk.csproj" />
    <Project Path="src/CodeyBox.Projects/CodeyBox.Projects.csproj" />
    <Project Path="src/CodeyBox.Sandbox.Bubblewrap/CodeyBox.Sandbox.Bubblewrap.csproj" />
    <Project Path="src/CodeyBox.Sandbox.Graphical/CodeyBox.Sandbox.Graphical.csproj" />
    <Project Path="src/CodeyBox.Sandbox.Incus/CodeyBox.Sandbox.Incus.csproj" />
    <Project Path="src/CodeyBox.Sandbox.Multipass/CodeyBox.Sandbox.Multipass.csproj" />
    <Project Path="src/CodeyBox.Sandbox.MultipassRemote/CodeyBox.Sandbox.MultipassRemote.csproj" />
    <Project Path="src/CodeyBox.Sandbox.Process/CodeyBox.Sandbox.Process.csproj" />
    <Project Path="src/CodeyBox.Sandbox.Sprites/CodeyBox.Sandbox.Sprites.csproj" />
    <Project Path="src/CodeyBox.Sandbox/CodeyBox.Sandbox.csproj" />
    <Project Path="src/CodeyBox.Upstream.GitHub/CodeyBox.Upstream.GitHub.csproj" />
    <Project Path="src/CodeyBox.Upstream/CodeyBox.Upstream.csproj" />
    <Project Path="src/CodeyBox.Webhooks/CodeyBox.Webhooks.csproj" />
    <Project Path="src/CodeyBox.Notifications/CodeyBox.Notifications.csproj" />
  </Folder>
  <Folder Name="/plugins/">
    <Project Path="plugins/auditors-architecture/CodeyBox.FileSizeLimitsAuditorPlugin/CodeyBox.FileSizeLimitsAuditorPlugin.csproj" />
    <Project Path="plugins/auditors-linting/CodeyBox.ExampleSarifAuditorPlugin/CodeyBox.ExampleSarifAuditorPlugin.csproj" />
    <Project Path="plugins/auditors-secrets/CodeyBox.GitleaksAuditorPlugin/CodeyBox.GitleaksAuditorPlugin.csproj" />
    <Project Path="plugins/test-runners/CodeyBox.DotnetTestRunnerPlugin/CodeyBox.DotnetTestRunnerPlugin.csproj" />
    <Project Path="plugins/quota/CodeyBox.OpencodeGoQuotaPlugin/CodeyBox.OpencodeGoQuotaPlugin.csproj" />
    <Project Path="plugins/quota/CodeyBox.QuotaResetNotifier/CodeyBox.QuotaResetNotifier.csproj" />
    <Project Path="plugins/quota/CodeyBox.StatisticsPlugin/CodeyBox.StatisticsPlugin.csproj" />
    <Project Path="plugins/work-sync/CodeyBox.LinearWorkSyncPlugin/CodeyBox.LinearWorkSyncPlugin.csproj" />
    <Project Path="plugins/work-sync/CodeyBox.JiraWorkSyncPlugin/CodeyBox.JiraWorkSyncPlugin.csproj" />
    <Project Path="plugins/work-sync/CodeyBox.PlaneWorkSyncPlugin/CodeyBox.PlaneWorkSyncPlugin.csproj" />
    <Project Path="plugins/work-sync/CodeyBox.ShortcutWorkSyncPlugin/CodeyBox.ShortcutWorkSyncPlugin.csproj" />
    <Project Path="plugins/credentials/CodeyBox.InfisicalPlugin/CodeyBox.InfisicalPlugin.csproj" />
    <Project Path="plugins/credentials/CodeyBox.DopplerPlugin/CodeyBox.DopplerPlugin.csproj" />
    <Project Path="plugins/credentials/CodeyBox.OnePasswordPlugin/CodeyBox.OnePasswordPlugin.csproj" />
    <Project Path="plugins/upstream/CodeyBox.AzureDevOpsUpstreamPlugin/CodeyBox.AzureDevOpsUpstreamPlugin.csproj" />
    <Project Path="plugins/upstream/CodeyBox.GiteaUpstreamPlugin/CodeyBox.GiteaUpstreamPlugin.csproj" />
    <Project Path="plugins/upstream/CodeyBox.ForgejoUpstreamPlugin/CodeyBox.ForgejoUpstreamPlugin.csproj" />
    <Project Path="plugins/notifications/CodeyBox.SlackPlugin/CodeyBox.SlackPlugin.csproj" />
    <Project Path="plugins/notifications/CodeyBox.GotifyPlugin/CodeyBox.GotifyPlugin.csproj" />
  </Folder>
  <Folder Name="/tests/">
    <Project Path="tests/CodeyBox.Tests/CodeyBox.Tests.csproj" />
    <Project Path="tests/CodeyBox.PluginSdk.SampleTests/CodeyBox.PluginSdk.SampleTests.csproj" />
    <Project Path="tests/CodeyBox.PluginSdk.ToolSampleTests/CodeyBox.PluginSdk.ToolSampleTests.csproj" />
  </Folder>
  <Folder Name="/samples/">
    <Project Path="samples/CodeyBox.SampleGiteaUpstreamPlugin/CodeyBox.SampleGiteaUpstreamPlugin.csproj" />
    <Project Path="samples/CodeyBox.SampleVaultCredentialPlugin/CodeyBox.SampleVaultCredentialPlugin.csproj" />
  </Folder>
  <Folder Name="/tools/">
    <Project Path="tools/CodeyBox.Admin/src/CodeyBox.Admin.Web/CodeyBox.Admin.Web.csproj" />
    <Project Path="tools/CodeyBox.Admin/src/CodeyBox.Admin.Model/CodeyBox.Admin.Model.csproj" />
    <Project Path="tools/CodeyBox.Admin/tests/CodeyBox.Admin.Tests/CodeyBox.Admin.Tests.csproj" />
    <Project Path="tools/CodeyBox.Admin/tests/CodeyBox.Admin.Model.Tests/CodeyBox.Admin.Model.Tests.csproj" />
    <Project Path="tools/CodeyBox.Cli/CodeyBox.Cli.csproj" />
    <Project Path="tools/CodeyBox.Cli/tests/CodeyBox.Cli.Tests/CodeyBox.Cli.Tests.csproj" />
    <Project Path="tools/CodeyBox.Harness/CodeyBox.Harness.csproj" />
  </Folder>
</Solution>
